
Microsoft Visual Studio Solution File, Format Version 12.00
# Visual Studio 2012
Project("{FAE04EC0-301F-11D3-BF4B-00C04F79EFBC}") = "Lab Demo", "Lab Demo.csproj", "{47C20CA5-4A99-417A-AF43-B252F3BAA427}"
EndProject
Global
	GlobalSection(SolutionConfigurationPlatforms) = preSolution
		Debug|Any CPU = Debug|Any CPU
		Release|Any CPU = Release|Any CPU
	EndGlobalSection
	GlobalSection(ProjectConfigurationPlatforms) = postSolution
		{47C20CA5-4A99-417A-AF43-B252F3BAA427}.Debug|Any CPU.ActiveCfg = Debug|Any CPU
		{47C20CA5-4A99-417A-AF43-B252F3BAA427}.Debug|Any CPU.Build.0 = Debug|Any CPU
		{47C20CA5-4A99-417A-AF43-B252F3BAA427}.Release|Any CPU.ActiveCfg = Release|Any CPU
		{47C20CA5-4A99-417A-AF43-B252F3BAA427}.Release|Any CPU.Build.0 = Release|Any CPU
	EndGlobalSection
	GlobalSection(SolutionProperties) = preSolution
		HideSolutionNode = FALSE
	EndGlobalSection
EndGlobal
